
Microsoft Visual Studio Solution File, Format Version 12.00
Project("{FAE04EC0-301F-11D3-BF4B-00C04F79EFBC}") = "FinanceTracker", "FinanceTracker.csproj", "{8F632EE0-3613-4730-9777-EC76EC6DD1FD}"
EndProject
Project("{FAE04EC0-301F-11D3-BF4B-00C04F79EFBC}") = "FinanceTracker.Tests", "FinanceTracker.Tests\FinanceTracker.Tests.csproj", "{645290D6-384B-4DDE-A920-6BB30074B252}"
EndProject
Global
	GlobalSection(SolutionConfigurationPlatforms) = preSolution
		Debug|Any CPU = Debug|Any CPU
		Debug|x64 = Debug|x64
		Debug|x86 = Debug|x86
		Release|Any CPU = Release|Any CPU
		Release|x64 = Release|x64
		Release|x86 = Release|x86
	EndGlobalSection
	GlobalSection(ProjectConfigurationPlatforms) = postSolution
		{8F632EE0-3613-4730-9777-EC76EC6DD1FD}.Debug|Any CPU.ActiveCfg = Debug|Any CPU
		{8F632EE0-3613-4730-9777-EC76EC6DD1FD}.Debug|Any CPU.Build.0 = Debug|Any CPU
		{8F632EE0-3613-4730-9777-EC76EC6DD1FD}.Debug|x64.ActiveCfg = Debug|Any CPU
		{8F632EE0-3613-4730-9777-EC76EC6DD1FD}.Debug|x64.Build.0 = Debug|Any CPU
		{8F632EE0-3613-4730-9777-EC76EC6DD1FD}.Debug|x86.ActiveCfg = Debug|Any CPU
		{8F632EE0-3613-4730-9777-EC76EC6DD1FD}.Debug|x86.Build.0 = Debug|Any CPU
		{8F632EE0-3613-4730-9777-EC76EC6DD1FD}.Release|Any CPU.ActiveCfg = Release|Any CPU
		{8F632EE0-3613-4730-9777-EC76EC6DD1FD}.Release|Any CPU.Build.0 = Release|Any CPU
		{8F632EE0-3613-4730-9777-EC76EC6DD1FD}.Release|x64.ActiveCfg = Release|Any CPU
		{8F632EE0-3613-4730-9777-EC76EC6DD1FD}.Release|x64.Build.0 = Release|Any CPU
		{8F632EE0-3613-4730-9777-EC76EC6DD1FD}.Release|x86.ActiveCfg = Release|Any CPU
		{8F632EE0-3613-4730-9777-EC76EC6DD1FD}.Release|x86.Build.0 = Release|Any CPU
		{645290D6-384B-4DDE-A920-6BB30074B252}.Debug|Any CPU.ActiveCfg = Debug|Any CPU
		{645290D6-384B-4DDE-A920-6BB30074B252}.Debug|Any CPU.Build.0 = Debug|Any CPU
		{645290D6-384B-4DDE-A920-6BB30074B252}.Debug|x64.ActiveCfg = Debug|Any CPU
		{645290D6-384B-4DDE-A920-6BB30074B252}.Debug|x64.Build.0 = Debug|Any CPU
		{645290D6-384B-4DDE-A920-6BB30074B252}.Debug|x86.ActiveCfg = Debug|Any CPU
		{645290D6-384B-4DDE-A920-6BB30074B252}.Debug|x86.Build.0 = Debug|Any CPU
		{645290D6-384B-4DDE-A920-6BB30074B252}.Release|Any CPU.ActiveCfg = Release|Any CPU
		{645290D6-384B-4DDE-A920-6BB30074B252}.Release|Any CPU.Build.0 = Release|Any CPU
		{645290D6-384B-4DDE-A920-6BB30074B252}.Release|x64.ActiveCfg = Release|Any CPU
		{645290D6-384B-4DDE-A920-6BB30074B252}.Release|x64.Build.0 = Release|Any CPU
		{645290D6-384B-4DDE-A920-6BB30074B252}.Release|x86.ActiveCfg = Release|Any CPU
		{645290D6-384B-4DDE-A920-6BB30074B252}.Release|x86.Build.0 = Release|Any CPU
	EndGlobalSection
	GlobalSection(SolutionProperties) = preSolution
		HideSolutionNode = FALSE
	EndGlobalSection
EndGlobal
